
Microsoft Visual Studio Solution File, Format Version 12.00
# Visual Studio Version 16
VisualStudioVersion = 16.0.30204.135
MinimumVisualStudioVersion = 10.0.40219.1
Project("{9A19103F-16F7-4668-BE54-9A1E7A4F7556}") = "HttpDownloadDemo", "ConsoleApp1\HttpDownloadDemo.csproj", "{F3B9D785-9231-4C95-A76B-AEB21A4F929D}"
EndProject
Project("{9A19103F-16F7-4668-BE54-9A1E7A4F7556}") = "WebApplication1", "WebApplication1\WebApplication1.csproj", "{E5FB9BD7-0E57-49F8-AD45-5CB22170B3BF}"
EndProject
Project("{9A19103F-16F7-4668-BE54-9A1E7A4F7556}") = "ConsoleApp", "ConsoleApp2\ConsoleApp.csproj", "{23697E6D-AADD-464C-81FA-34FC793324F3}"
EndProject
Project("{9A19103F-16F7-4668-BE54-9A1E7A4F7556}") = "ForEachDemo", "ConsoleApp3\ForEachDemo.csproj", "{AC5A22FD-D055-43F9-8C3F-6BAE9ACC8CBC}"
EndProject
Project("{9A19103F-16F7-4668-BE54-9A1E7A4F7556}") = "GUIDDemo", "GUIDDemo\GUIDDemo.csproj", "{8391CD4F-1E16-43F3-A9AD-EE6F5E03EE2D}"
EndProject
Project("{9A19103F-16F7-4668-BE54-9A1E7A4F7556}") = "DelegateDemo", "DelegateDemo\DelegateDemo.csproj", "{E1AF242C-2A06-4381-8A33-AB135CE67597}"
EndProject
Project("{9A19103F-16F7-4668-BE54-9A1E7A4F7556}") = "DelegatExample", "DelegatExample\DelegatExample.csproj", "{07FCF1F7-66A3-4B89-992F-A394085C66BE}"
EndProject
Global
	GlobalSection(SolutionConfigurationPlatforms) = preSolution
		Debug|Any CPU = Debug|Any CPU
		Release|Any CPU = Release|Any CPU
	EndGlobalSection
	GlobalSection(ProjectConfigurationPlatforms) = postSolution
		{F3B9D785-9231-4C95-A76B-AEB21A4F929D}.Debug|Any CPU.ActiveCfg = Debug|Any CPU
		{F3B9D785-9231-4C95-A76B-AEB21A4F929D}.Debug|Any CPU.Build.0 = Debug|Any CPU
		{F3B9D785-9231-4C95-A76B-AEB21A4F929D}.Release|Any CPU.ActiveCfg = Release|Any CPU
		{F3B9D785-9231-4C95-A76B-AEB21A4F929D}.Release|Any CPU.Build.0 = Release|Any CPU
		{E5FB9BD7-0E57-49F8-AD45-5CB22170B3BF}.Debug|Any CPU.ActiveCfg = Debug|Any CPU
		{E5FB9BD7-0E57-49F8-AD45-5CB22170B3BF}.Debug|Any CPU.Build.0 = Debug|Any CPU
		{E5FB9BD7-0E57-49F8-AD45-5CB22170B3BF}.Release|Any CPU.ActiveCfg = Release|Any CPU
		{E5FB9BD7-0E57-49F8-AD45-5CB22170B3BF}.Release|Any CPU.Build.0 = Release|Any CPU
		{23697E6D-AADD-464C-81FA-34FC793324F3}.Debug|Any CPU.ActiveCfg = Debug|Any CPU
		{23697E6D-AADD-464C-81FA-34FC793324F3}.Debug|Any CPU.Build.0 = Debug|Any CPU
		{23697E6D-AADD-464C-81FA-34FC793324F3}.Release|Any CPU.ActiveCfg = Release|Any CPU
		{23697E6D-AADD-464C-81FA-34FC793324F3}.Release|Any CPU.Build.0 = Release|Any CPU
		{AC5A22FD-D055-43F9-8C3F-6BAE9ACC8CBC}.Debug|Any CPU.ActiveCfg = Debug|Any CPU
		{AC5A22FD-D055-43F9-8C3F-6BAE9ACC8CBC}.Debug|Any CPU.Build.0 = Debug|Any CPU
		{AC5A22FD-D055-43F9-8C3F-6BAE9ACC8CBC}.Release|Any CPU.ActiveCfg = Release|Any CPU
		{AC5A22FD-D055-43F9-8C3F-6BAE9ACC8CBC}.Release|Any CPU.Build.0 = Release|Any CPU
		{8391CD4F-1E16-43F3-A9AD-EE6F5E03EE2D}.Debug|Any CPU.ActiveCfg = Debug|Any CPU
		{8391CD4F-1E16-43F3-A9AD-EE6F5E03EE2D}.Debug|Any CPU.Build.0 = Debug|Any CPU
		{8391CD4F-1E16-43F3-A9AD-EE6F5E03EE2D}.Release|Any CPU.ActiveCfg = Release|Any CPU
		{8391CD4F-1E16-43F3-A9AD-EE6F5E03EE2D}.Release|Any CPU.Build.0 = Release|Any CPU
		{E1AF242C-2A06-4381-8A33-AB135CE67597}.Debug|Any CPU.ActiveCfg = Debug|Any CPU
		{E1AF242C-2A06-4381-8A33-AB135CE67597}.Debug|Any CPU.Build.0 = Debug|Any CPU
		{E1AF242C-2A06-4381-8A33-AB135CE67597}.Release|Any CPU.ActiveCfg = Release|Any CPU
		{E1AF242C-2A06-4381-8A33-AB135CE67597}.Release|Any CPU.Build.0 = Release|Any CPU
		{07FCF1F7-66A3-4B89-992F-A394085C66BE}.Debug|Any CPU.ActiveCfg = Debug|Any CPU
		{07FCF1F7-66A3-4B89-992F-A394085C66BE}.Debug|Any CPU.Build.0 = Debug|Any CPU
		{07FCF1F7-66A3-4B89-992F-A394085C66BE}.Release|Any CPU.ActiveCfg = Release|Any CPU
		{07FCF1F7-66A3-4B89-992F-A394085C66BE}.Release|Any CPU.Build.0 = Release|Any CPU
	EndGlobalSection
	GlobalSection(SolutionProperties) = preSolution
		HideSolutionNode = FALSE
	EndGlobalSection
	GlobalSection(ExtensibilityGlobals) = postSolution
		SolutionGuid = {54757079-E54A-4821-811E-51E9BADC1EF0}
	EndGlobalSection
EndGlobal
